
Microsoft Visual Studio Solution File, Format Version 12.00
# Visual Studio 15
VisualStudioVersion = 15.0.28307.852
MinimumVisualStudioVersion = 10.0.40219.1
Project("{FAE04EC0-301F-11D3-BF4B-00C04F79EFBC}") = "IlDasmLauncher", "IlDasmLauncher\IlDasmLauncher.csproj", "{BB5A4338-FC3F-428E-AE20-355A2367C900}"
EndProject
Project("{2150E333-8FDC-42A3-9474-1A3956D46DE8}") = "Dumps", "Dumps", "{084B586B-64E8-4D0D-880D-28F36251AA01}"
EndProject
Project("{FAE04EC0-301F-11D3-BF4B-00C04F79EFBC}") = "NativeOnlyStackMachine", "NativeOnlyStackMachine\NativeOnlyStackMachine.csproj", "{341C0541-5230-4574-9449-47339C253AA5}"
EndProject
Project("{FAE04EC0-301F-11D3-BF4B-00C04F79EFBC}") = "TspStack", "TspStack\TspStack.csproj", "{C905679E-3CEF-439D-A537-61BF643F96AF}"
EndProject
Project("{FAE04EC0-301F-11D3-BF4B-00C04F79EFBC}") = "TspStackTests", "TspStackTests\TspStackTests.csproj", "{8A91CABC-2262-46C8-8ECD-6674A5BA60EC}"
EndProject
Project("{FAE04EC0-301F-11D3-BF4B-00C04F79EFBC}") = "QLearningBasic", "QLearningBasic\QLearningBasic.csproj", "{11851BD0-6190-4871-A24B-493AE09A2D83}"
EndProject
Project("{FAE04EC0-301F-11D3-BF4B-00C04F79EFBC}") = "UIR", "UIR\UIR.csproj", "{89A53CAA-5E09-4C88-A13A-217458B92ADF}"
EndProject
Project("{FAE04EC0-301F-11D3-BF4B-00C04F79EFBC}") = "FX", "FX\FX.csproj", "{0455DFDB-916D-4784-B317-881D0922FA8D}"
EndProject
Project("{FAE04EC0-301F-11D3-BF4B-00C04F79EFBC}") = "MSILParser", "MSILParser\MSILParser.csproj", "{D4F9FFEC-D29F-4AE4-88D4-CB4BEA8F4C0C}"
EndProject
Project("{FAE04EC0-301F-11D3-BF4B-00C04F79EFBC}") = "ILEngine", "ILEngine\ILEngine.csproj", "{FB3EE32E-C9B5-443B-A0AB-F9CAE1BAFFD5}"
EndProject
Project("{FAE04EC0-301F-11D3-BF4B-00C04F79EFBC}") = "IlVmModel", "IlVmModel\IlVmModel.csproj", "{8E40C85B-4FB9-4179-B3C0-FCDD03D43EF7}"
EndProject
Project("{FAE04EC0-301F-11D3-BF4B-00C04F79EFBC}") = "ILEngineTests", "ILEngineTests\ILEngineTests.csproj", "{CDB3A180-21CF-46C4-856A-7FC574560AD5}"
EndProject
Project("{00D1A9C2-B5F0-4AF3-8072-F6C62B433612}") = "ILRuntimeDbProject", "ILRuntimeDbProject\ILRuntimeDbProject\ILRuntimeDbProject.sqlproj", "{1403184C-3503-4589-96A7-59E22CD17110}"
EndProject
Project("{FAE04EC0-301F-11D3-BF4B-00C04F79EFBC}") = "ILProbability", "ILProbability\ILProbability.csproj", "{62FE2525-BADB-47DB-BB09-F74A1465FD53}"
EndProject
Project("{FAE04EC0-301F-11D3-BF4B-00C04F79EFBC}") = "MLMockConsole", "MLMockConsole\MLMockConsole.csproj", "{58B8C0C4-8A57-40DE-8B52-406951574F8D}"
EndProject
Project("{FAE04EC0-301F-11D3-BF4B-00C04F79EFBC}") = "NLP", "NLP\NLP.csproj", "{35B45B5E-7516-4E7C-9EB1-6284E900EF2F}"
EndProject
Project("{FAE04EC0-301F-11D3-BF4B-00C04F79EFBC}") = "SeriesSearcher", "SeriesSearcher\SeriesSearcher.csproj", "{4273C5ED-4C7E-4176-AD5C-A078691B0C9B}"
EndProject
Project("{FAE04EC0-301F-11D3-BF4B-00C04F79EFBC}") = "HashReader", "HashReader\HashReader.csproj", "{A340D293-8452-4775-A076-8C87A0C87487}"
EndProject
Project("{FAE04EC0-301F-11D3-BF4B-00C04F79EFBC}") = "NLP.DictionaryCrawler", "NLP.DictionaryCrawler\NLP.DictionaryCrawler.csproj", "{82D5C7BA-2B94-45AF-8591-094C0BAD09F4}"
EndProject
Project("{FAE04EC0-301F-11D3-BF4B-00C04F79EFBC}") = "RednaConsole", "RednaConsole\RednaConsole.csproj", "{148F42DC-42B3-4532-BD65-B2F202FCBC98}"
EndProject
Project("{FAE04EC0-301F-11D3-BF4B-00C04F79EFBC}") = "IlOpcodeMeta", "IlOpcodeMeta\IlOpcodeMeta.csproj", "{233BB61E-E30B-427D-9AEC-7BEFDBF7AA70}"
EndProject
Global
	GlobalSection(SolutionConfigurationPlatforms) = preSolution
		Debug|Any CPU = Debug|Any CPU
		Release|Any CPU = Release|Any CPU
	EndGlobalSection
	GlobalSection(ProjectConfigurationPlatforms) = postSolution
		{BB5A4338-FC3F-428E-AE20-355A2367C900}.Debug|Any CPU.ActiveCfg = Debug|Any CPU
		{BB5A4338-FC3F-428E-AE20-355A2367C900}.Debug|Any CPU.Build.0 = Debug|Any CPU
		{BB5A4338-FC3F-428E-AE20-355A2367C900}.Release|Any CPU.ActiveCfg = Release|Any CPU
		{BB5A4338-FC3F-428E-AE20-355A2367C900}.Release|Any CPU.Build.0 = Release|Any CPU
		{341C0541-5230-4574-9449-47339C253AA5}.Debug|Any CPU.ActiveCfg = Debug|Any CPU
		{341C0541-5230-4574-9449-47339C253AA5}.Debug|Any CPU.Build.0 = Debug|Any CPU
		{341C0541-5230-4574-9449-47339C253AA5}.Release|Any CPU.ActiveCfg = Release|Any CPU
		{341C0541-5230-4574-9449-47339C253AA5}.Release|Any CPU.Build.0 = Release|Any CPU
		{C905679E-3CEF-439D-A537-61BF643F96AF}.Debug|Any CPU.ActiveCfg = Debug|Any CPU
		{C905679E-3CEF-439D-A537-61BF643F96AF}.Debug|Any CPU.Build.0 = Debug|Any CPU
		{C905679E-3CEF-439D-A537-61BF643F96AF}.Release|Any CPU.ActiveCfg = Release|Any CPU
		{C905679E-3CEF-439D-A537-61BF643F96AF}.Release|Any CPU.Build.0 = Release|Any CPU
		{8A91CABC-2262-46C8-8ECD-6674A5BA60EC}.Debug|Any CPU.ActiveCfg = Debug|Any CPU
		{8A91CABC-2262-46C8-8ECD-6674A5BA60EC}.Debug|Any CPU.Build.0 = Debug|Any CPU
		{8A91CABC-2262-46C8-8ECD-6674A5BA60EC}.Release|Any CPU.ActiveCfg = Release|Any CPU
		{8A91CABC-2262-46C8-8ECD-6674A5BA60EC}.Release|Any CPU.Build.0 = Release|Any CPU
		{11851BD0-6190-4871-A24B-493AE09A2D83}.Debug|Any CPU.ActiveCfg = Debug|Any CPU
		{11851BD0-6190-4871-A24B-493AE09A2D83}.Debug|Any CPU.Build.0 = Debug|Any CPU
		{11851BD0-6190-4871-A24B-493AE09A2D83}.Release|Any CPU.ActiveCfg = Release|Any CPU
		{11851BD0-6190-4871-A24B-493AE09A2D83}.Release|Any CPU.Build.0 = Release|Any CPU
		{89A53CAA-5E09-4C88-A13A-217458B92ADF}.Debug|Any CPU.ActiveCfg = Debug|Any CPU
		{89A53CAA-5E09-4C88-A13A-217458B92ADF}.Debug|Any CPU.Build.0 = Debug|Any CPU
		{89A53CAA-5E09-4C88-A13A-217458B92ADF}.Release|Any CPU.ActiveCfg = Release|Any CPU
		{89A53CAA-5E09-4C88-A13A-217458B92ADF}.Release|Any CPU.Build.0 = Release|Any CPU
		{0455DFDB-916D-4784-B317-881D0922FA8D}.Debug|Any CPU.ActiveCfg = Debug|Any CPU
		{0455DFDB-916D-4784-B317-881D0922FA8D}.Debug|Any CPU.Build.0 = Debug|Any CPU
		{0455DFDB-916D-4784-B317-881D0922FA8D}.Release|Any CPU.ActiveCfg = Release|Any CPU
		{0455DFDB-916D-4784-B317-881D0922FA8D}.Release|Any CPU.Build.0 = Release|Any CPU
		{D4F9FFEC-D29F-4AE4-88D4-CB4BEA8F4C0C}.Debug|Any CPU.ActiveCfg = Debug|Any CPU
		{D4F9FFEC-D29F-4AE4-88D4-CB4BEA8F4C0C}.Debug|Any CPU.Build.0 = Debug|Any CPU
		{D4F9FFEC-D29F-4AE4-88D4-CB4BEA8F4C0C}.Release|Any CPU.ActiveCfg = Release|Any CPU
		{D4F9FFEC-D29F-4AE4-88D4-CB4BEA8F4C0C}.Release|Any CPU.Build.0 = Release|Any CPU
		{FB3EE32E-C9B5-443B-A0AB-F9CAE1BAFFD5}.Debug|Any CPU.ActiveCfg = Debug|Any CPU
		{FB3EE32E-C9B5-443B-A0AB-F9CAE1BAFFD5}.Debug|Any CPU.Build.0 = Debug|Any CPU
		{FB3EE32E-C9B5-443B-A0AB-F9CAE1BAFFD5}.Release|Any CPU.ActiveCfg = Release|Any CPU
		{FB3EE32E-C9B5-443B-A0AB-F9CAE1BAFFD5}.Release|Any CPU.Build.0 = Release|Any CPU
		{8E40C85B-4FB9-4179-B3C0-FCDD03D43EF7}.Debug|Any CPU.ActiveCfg = Debug|Any CPU
		{8E40C85B-4FB9-4179-B3C0-FCDD03D43EF7}.Debug|Any CPU.Build.0 = Debug|Any CPU
		{8E40C85B-4FB9-4179-B3C0-FCDD03D43EF7}.Release|Any CPU.ActiveCfg = Release|Any CPU
		{8E40C85B-4FB9-4179-B3C0-FCDD03D43EF7}.Release|Any CPU.Build.0 = Release|Any CPU
		{CDB3A180-21CF-46C4-856A-7FC574560AD5}.Debug|Any CPU.ActiveCfg = Debug|Any CPU
		{CDB3A180-21CF-46C4-856A-7FC574560AD5}.Debug|Any CPU.Build.0 = Debug|Any CPU
		{CDB3A180-21CF-46C4-856A-7FC574560AD5}.Release|Any CPU.ActiveCfg = Release|Any CPU
		{CDB3A180-21CF-46C4-856A-7FC574560AD5}.Release|Any CPU.Build.0 = Release|Any CPU
		{1403184C-3503-4589-96A7-59E22CD17110}.Debug|Any CPU.ActiveCfg = Debug|Any CPU
		{1403184C-3503-4589-96A7-59E22CD17110}.Debug|Any CPU.Build.0 = Debug|Any CPU
		{1403184C-3503-4589-96A7-59E22CD17110}.Debug|Any CPU.Deploy.0 = Debug|Any CPU
		{1403184C-3503-4589-96A7-59E22CD17110}.Release|Any CPU.ActiveCfg = Release|Any CPU
		{1403184C-3503-4589-96A7-59E22CD17110}.Release|Any CPU.Build.0 = Release|Any CPU
		{1403184C-3503-4589-96A7-59E22CD17110}.Release|Any CPU.Deploy.0 = Release|Any CPU
		{62FE2525-BADB-47DB-BB09-F74A1465FD53}.Debug|Any CPU.ActiveCfg = Debug|Any CPU
		{62FE2525-BADB-47DB-BB09-F74A1465FD53}.Debug|Any CPU.Build.0 = Debug|Any CPU
		{62FE2525-BADB-47DB-BB09-F74A1465FD53}.Release|Any CPU.ActiveCfg = Release|Any CPU
		{62FE2525-BADB-47DB-BB09-F74A1465FD53}.Release|Any CPU.Build.0 = Release|Any CPU
		{58B8C0C4-8A57-40DE-8B52-406951574F8D}.Debug|Any CPU.ActiveCfg = Debug|Any CPU
		{58B8C0C4-8A57-40DE-8B52-406951574F8D}.Debug|Any CPU.Build.0 = Debug|Any CPU
		{58B8C0C4-8A57-40DE-8B52-406951574F8D}.Release|Any CPU.ActiveCfg = Release|Any CPU
		{58B8C0C4-8A57-40DE-8B52-406951574F8D}.Release|Any CPU.Build.0 = Release|Any CPU
		{35B45B5E-7516-4E7C-9EB1-6284E900EF2F}.Debug|Any CPU.ActiveCfg = Debug|Any CPU
		{35B45B5E-7516-4E7C-9EB1-6284E900EF2F}.Debug|Any CPU.Build.0 = Debug|Any CPU
		{35B45B5E-7516-4E7C-9EB1-6284E900EF2F}.Release|Any CPU.ActiveCfg = Release|Any CPU
		{35B45B5E-7516-4E7C-9EB1-6284E900EF2F}.Release|Any CPU.Build.0 = Release|Any CPU
		{4273C5ED-4C7E-4176-AD5C-A078691B0C9B}.Debug|Any CPU.ActiveCfg = Debug|Any CPU
		{4273C5ED-4C7E-4176-AD5C-A078691B0C9B}.Debug|Any CPU.Build.0 = Debug|Any CPU
		{4273C5ED-4C7E-4176-AD5C-A078691B0C9B}.Release|Any CPU.ActiveCfg = Release|Any CPU
		{4273C5ED-4C7E-4176-AD5C-A078691B0C9B}.Release|Any CPU.Build.0 = Release|Any CPU
		{A340D293-8452-4775-A076-8C87A0C87487}.Debug|Any CPU.ActiveCfg = Debug|Any CPU
		{A340D293-8452-4775-A076-8C87A0C87487}.Debug|Any CPU.Build.0 = Debug|Any CPU
		{A340D293-8452-4775-A076-8C87A0C87487}.Release|Any CPU.ActiveCfg = Release|Any CPU
		{A340D293-8452-4775-A076-8C87A0C87487}.Release|Any CPU.Build.0 = Release|Any CPU
		{82D5C7BA-2B94-45AF-8591-094C0BAD09F4}.Debug|Any CPU.ActiveCfg = Debug|Any CPU
		{82D5C7BA-2B94-45AF-8591-094C0BAD09F4}.Debug|Any CPU.Build.0 = Debug|Any CPU
		{82D5C7BA-2B94-45AF-8591-094C0BAD09F4}.Release|Any CPU.ActiveCfg = Release|Any CPU
		{82D5C7BA-2B94-45AF-8591-094C0BAD09F4}.Release|Any CPU.Build.0 = Release|Any CPU
		{148F42DC-42B3-4532-BD65-B2F202FCBC98}.Debug|Any CPU.ActiveCfg = Debug|Any CPU
		{148F42DC-42B3-4532-BD65-B2F202FCBC98}.Debug|Any CPU.Build.0 = Debug|Any CPU
		{148F42DC-42B3-4532-BD65-B2F202FCBC98}.Release|Any CPU.ActiveCfg = Release|Any CPU
		{148F42DC-42B3-4532-BD65-B2F202FCBC98}.Release|Any CPU.Build.0 = Release|Any CPU
		{233BB61E-E30B-427D-9AEC-7BEFDBF7AA70}.Debug|Any CPU.ActiveCfg = Debug|Any CPU
		{233BB61E-E30B-427D-9AEC-7BEFDBF7AA70}.Debug|Any CPU.Build.0 = Debug|Any CPU
		{233BB61E-E30B-427D-9AEC-7BEFDBF7AA70}.Release|Any CPU.ActiveCfg = Release|Any CPU
		{233BB61E-E30B-427D-9AEC-7BEFDBF7AA70}.Release|Any CPU.Build.0 = Release|Any CPU
	EndGlobalSection
	GlobalSection(SolutionProperties) = preSolution
		HideSolutionNode = FALSE
	EndGlobalSection
	GlobalSection(ExtensibilityGlobals) = postSolution
		SolutionGuid = {148CCCBE-6B9B-48C4-A5C7-8D97AC92014C}
	EndGlobalSection
EndGlobal
